{
  "lockfileVersion": 1,
  "workspaces": {
    "": {
      "name": "purescript-yoga-capnweb",
      "dependencies": {
        "capnweb": "*",
        "ws": "*",
      },
    },
  },
  "packages": {
    "capnweb": ["capnweb@0.4.0", "", {}, "sha512-OgqPQcxnrAIqjrkAuwI4N9MP/mzseM5w9oLWb/oU63KveBJl1c8p41etLSVQUlYFiAYZu+h6/LJxKaDJd93xFw=="],

    "ws": ["ws@8.19.0", "", { "peerDependencies": { "bufferutil": "^4.0.1", "utf-8-validate": ">=5.0.2" }, "optionalPeers": ["bufferutil", "utf-8-validate"] }, "sha512-blAT2mjOEIi0ZzruJfIhb3nps74PRWTCz1IjglWEEpQl5XS/UNama6u2/rjFkDDouqr4L67ry+1aGIALViWjDg=="],
  }
}
